
Microsoft Visual Studio Solution File, Format Version 12.00
# Visual Studio Version 17
VisualStudioVersion = 17.1.32414.318
MinimumVisualStudioVersion = 10.0.40219.1
Project("{FAE04EC0-301F-11D3-BF4B-00C04F79EFBC}") = "webApi", "webApi.csproj", "{35C068A5-73B2-4E25-A66B-0E688F0A34C5}"
EndProject
Global
	GlobalSection(SolutionConfigurationPlatforms) = preSolution
		Debug|Any CPU = Debug|Any CPU
		Release|Any CPU = Release|Any CPU
	EndGlobalSection
	GlobalSection(ProjectConfigurationPlatforms) = postSolution
		{35C068A5-73B2-4E25-A66B-0E688F0A34C5}.Debug|Any CPU.ActiveCfg = Debug|Any CPU
		{35C068A5-73B2-4E25-A66B-0E688F0A34C5}.Debug|Any CPU.Build.0 = Debug|Any CPU
		{35C068A5-73B2-4E25-A66B-0E688F0A34C5}.Release|Any CPU.ActiveCfg = Release|Any CPU
		{35C068A5-73B2-4E25-A66B-0E688F0A34C5}.Release|Any CPU.Build.0 = Release|Any CPU
	EndGlobalSection
	GlobalSection(SolutionProperties) = preSolution
		HideSolutionNode = FALSE
	EndGlobalSection
	GlobalSection(ExtensibilityGlobals) = postSolution
		SolutionGuid = {E59E4AE0-D577-4C57-8D3C-0386D4534770}
	EndGlobalSection
EndGlobal
